
Microsoft Visual Studio Solution File, Format Version 12.00
# Visual Studio Version 17
VisualStudioVersion = 17.11.35327.3
MinimumVisualStudioVersion = 10.0.40219.1
Project("{9A19103F-16F7-4668-BE54-9A1E7A4F7556}") = "Zadanie1", "KserokopiarkaMH\Zadanie1.csproj", "{77D9C7DC-6BE7-4904-923F-E07FB231B827}"
EndProject
Project("{FAE04EC0-301F-11D3-BF4B-00C04F79EFBC}") = "Zadanie2", "Zadanie2\Zadanie2.csproj", "{3092B604-5880-4E2C-A646-7A438B3511CE}"
EndProject
Project("{FAE04EC0-301F-11D3-BF4B-00C04F79EFBC}") = "Zadanie3", "Zadanie3\Zadanie3.csproj", "{0F03E8F5-A409-4768-A3D4-76F31853E2E0}"
EndProject
Project("{FAE04EC0-301F-11D3-BF4B-00C04F79EFBC}") = "TestProject1", "TestProject1\TestProject1.csproj", "{3BE85C60-2229-4991-8844-E4F5E15767DE}"
EndProject
Global
	GlobalSection(SolutionConfigurationPlatforms) = preSolution
		Debug|Any CPU = Debug|Any CPU
		Release|Any CPU = Release|Any CPU
	EndGlobalSection
	GlobalSection(ProjectConfigurationPlatforms) = postSolution
		{77D9C7DC-6BE7-4904-923F-E07FB231B827}.Debug|Any CPU.ActiveCfg = Debug|Any CPU
		{77D9C7DC-6BE7-4904-923F-E07FB231B827}.Debug|Any CPU.Build.0 = Debug|Any CPU
		{77D9C7DC-6BE7-4904-923F-E07FB231B827}.Release|Any CPU.ActiveCfg = Release|Any CPU
		{77D9C7DC-6BE7-4904-923F-E07FB231B827}.Release|Any CPU.Build.0 = Release|Any CPU
		{3092B604-5880-4E2C-A646-7A438B3511CE}.Debug|Any CPU.ActiveCfg = Debug|Any CPU
		{3092B604-5880-4E2C-A646-7A438B3511CE}.Debug|Any CPU.Build.0 = Debug|Any CPU
		{3092B604-5880-4E2C-A646-7A438B3511CE}.Release|Any CPU.ActiveCfg = Release|Any CPU
		{3092B604-5880-4E2C-A646-7A438B3511CE}.Release|Any CPU.Build.0 = Release|Any CPU
		{0F03E8F5-A409-4768-A3D4-76F31853E2E0}.Debug|Any CPU.ActiveCfg = Debug|Any CPU
		{0F03E8F5-A409-4768-A3D4-76F31853E2E0}.Debug|Any CPU.Build.0 = Debug|Any CPU
		{0F03E8F5-A409-4768-A3D4-76F31853E2E0}.Release|Any CPU.ActiveCfg = Release|Any CPU
		{0F03E8F5-A409-4768-A3D4-76F31853E2E0}.Release|Any CPU.Build.0 = Release|Any CPU
		{3BE85C60-2229-4991-8844-E4F5E15767DE}.Debug|Any CPU.ActiveCfg = Debug|Any CPU
		{3BE85C60-2229-4991-8844-E4F5E15767DE}.Debug|Any CPU.Build.0 = Debug|Any CPU
		{3BE85C60-2229-4991-8844-E4F5E15767DE}.Release|Any CPU.ActiveCfg = Release|Any CPU
		{3BE85C60-2229-4991-8844-E4F5E15767DE}.Release|Any CPU.Build.0 = Release|Any CPU
	EndGlobalSection
	GlobalSection(SolutionProperties) = preSolution
		HideSolutionNode = FALSE
	EndGlobalSection
	GlobalSection(ExtensibilityGlobals) = postSolution
		SolutionGuid = {796A4DCE-81E8-4C3E-BE1A-0D8AE66E6E86}
	EndGlobalSection
EndGlobal
